PODS:
  - cupertino_native (0.0.1):
    - FlutterMacOS
  - FlutterMacOS (1.0.0)
  - video_player_avfoundation (0.0.1):
    - Flutter
    - FlutterMacOS

DEPENDENCIES:
  - cupertino_native (from `Flutter/ephemeral/.symlinks/plugins/cupertino_native/macos`)
  - FlutterMacOS (from `Flutter/ephemeral`)
  - video_player_avfoundation (from `Flutter/ephemeral/.symlinks/plugins/video_player_avfoundation/darwin`)

EXTERNAL SOURCES:
  cupertino_native:
    :path: Flutter/ephemeral/.symlinks/plugins/cupertino_native/macos
  FlutterMacOS:
    :path: Flutter/ephemeral
  video_player_avfoundation:
    :path: Flutter/ephemeral/.symlinks/plugins/video_player_avfoundation/darwin

SPEC CHECKSUMS:
  cupertino_native: 1e6e510e1e54c6a6c048937f5527cc46c43f28a6
  FlutterMacOS: d0db08ddef1a9af05a5ec4b724367152bb0500b1
  video_player_avfoundation: 7993f492ae0bd77edaea24d9dc051d8bb2cd7c86

PODFILE CHECKSUM: 346bfb2deb41d4a6ebd6f6799f92188bde2d246f

COCOAPODS: 1.16.2
